
Microsoft Visual Studio Solution File, Format Version 12.00
# Visual Studio Version 17
VisualStudioVersion = 17.6.33829.357
MinimumVisualStudioVersion = 10.0.40219.1
Project("{888888A0-9F3D-457C-B088-3A5042F75D52}") = "Markdown", "markdown\Markdown.pyproj", "{88C045D3-ECB2-4DF8-A2BF-1936F56CF21D}"
EndProject
Global
	GlobalSection(SolutionConfigurationPlatforms) = preSolution
		Debug|Any CPU = Debug|Any CPU
		Release|Any CPU = Release|Any CPU
	EndGlobalSection
	GlobalSection(ProjectConfigurationPlatforms) = postSolution
		{88C045D3-ECB2-4DF8-A2BF-1936F56CF21D}.Debug|Any CPU.ActiveCfg = Debug|Any CPU
		{88C045D3-ECB2-4DF8-A2BF-1936F56CF21D}.Release|Any CPU.ActiveCfg = Release|Any CPU
	EndGlobalSection
	GlobalSection(SolutionProperties) = preSolution
		HideSolutionNode = FALSE
	EndGlobalSection
	GlobalSection(ExtensibilityGlobals) = postSolution
		SolutionGuid = {B2DC0EAB-D154-43F7-B9AF-87030928B0B1}
	EndGlobalSection
EndGlobal
